
Microsoft Visual Studio Solution File, Format Version 12.00
# Visual Studio Version 17
VisualStudioVersion = 17.8.34309.116
MinimumVisualStudioVersion = 10.0.40219.1
Project("{FAE04EC0-301F-11D3-BF4B-00C04F79EFBC}") = "isLeap", "isLeap\isLeap.csproj", "{A4235E32-9981-48F0-A270-20DE64822C72}"
EndProject
Project("{FAE04EC0-301F-11D3-BF4B-00C04F79EFBC}") = "EligibleForVote", "EligibleForVote\EligibleForVote.csproj", "{C8387E51-43A7-48D0-9C76-3BA911D1E2FF}"
EndProject
Global
	GlobalSection(SolutionConfigurationPlatforms) = preSolution
		Debug|Any CPU = Debug|Any CPU
		Release|Any CPU = Release|Any CPU
	EndGlobalSection
	GlobalSection(ProjectConfigurationPlatforms) = postSolution
		{A4235E32-9981-48F0-A270-20DE64822C72}.Debug|Any CPU.ActiveCfg = Debug|Any CPU
		{A4235E32-9981-48F0-A270-20DE64822C72}.Debug|Any CPU.Build.0 = Debug|Any CPU
		{A4235E32-9981-48F0-A270-20DE64822C72}.Release|Any CPU.ActiveCfg = Release|Any CPU
		{A4235E32-9981-48F0-A270-20DE64822C72}.Release|Any CPU.Build.0 = Release|Any CPU
		{C8387E51-43A7-48D0-9C76-3BA911D1E2FF}.Debug|Any CPU.ActiveCfg = Debug|Any CPU
		{C8387E51-43A7-48D0-9C76-3BA911D1E2FF}.Debug|Any CPU.Build.0 = Debug|Any CPU
		{C8387E51-43A7-48D0-9C76-3BA911D1E2FF}.Release|Any CPU.ActiveCfg = Release|Any CPU
		{C8387E51-43A7-48D0-9C76-3BA911D1E2FF}.Release|Any CPU.Build.0 = Release|Any CPU
	EndGlobalSection
	GlobalSection(SolutionProperties) = preSolution
		HideSolutionNode = FALSE
	EndGlobalSection
	GlobalSection(ExtensibilityGlobals) = postSolution
		SolutionGuid = {0F9FA050-2183-40F6-B780-63D7736F3B52}
	EndGlobalSection
EndGlobal
