
Microsoft Visual Studio Solution File, Format Version 12.00
# Visual Studio Version 17
VisualStudioVersion = 17.7.34202.233
MinimumVisualStudioVersion = 10.0.40219.1
Project("{FAE04EC0-301F-11D3-BF4B-00C04F79EFBC}") = "Odev_7", "Odev_7\Odev_7.csproj", "{ECA82D61-B0DD-43D0-B5A5-3B49FBE2D8F0}"
EndProject
Global
	GlobalSection(SolutionConfigurationPlatforms) = preSolution
		Debug|Any CPU = Debug|Any CPU
		Release|Any CPU = Release|Any CPU
	EndGlobalSection
	GlobalSection(ProjectConfigurationPlatforms) = postSolution
		{ECA82D61-B0DD-43D0-B5A5-3B49FBE2D8F0}.Debug|Any CPU.ActiveCfg = Debug|Any CPU
		{ECA82D61-B0DD-43D0-B5A5-3B49FBE2D8F0}.Debug|Any CPU.Build.0 = Debug|Any CPU
		{ECA82D61-B0DD-43D0-B5A5-3B49FBE2D8F0}.Release|Any CPU.ActiveCfg = Release|Any CPU
		{ECA82D61-B0DD-43D0-B5A5-3B49FBE2D8F0}.Release|Any CPU.Build.0 = Release|Any CPU
	EndGlobalSection
	GlobalSection(SolutionProperties) = preSolution
		HideSolutionNode = FALSE
	EndGlobalSection
	GlobalSection(ExtensibilityGlobals) = postSolution
		SolutionGuid = {451A4344-4CA9-43F7-A98C-187673432838}
	EndGlobalSection
EndGlobal
