
Microsoft Visual Studio Solution File, Format Version 12.00
# Visual Studio Version 17
VisualStudioVersion = 17.7.34202.233
MinimumVisualStudioVersion = 10.0.40219.1
Project("{FAE04EC0-301F-11D3-BF4B-00C04F79EFBC}") = "Conditional Statements", "Conditional Statements\Conditional Statements.csproj", "{3404594E-6E80-4549-87B6-E6CFF27E094F}"
EndProject
Global
	GlobalSection(SolutionConfigurationPlatforms) = preSolution
		Debug|Any CPU = Debug|Any CPU
		Release|Any CPU = Release|Any CPU
	EndGlobalSection
	GlobalSection(ProjectConfigurationPlatforms) = postSolution
		{3404594E-6E80-4549-87B6-E6CFF27E094F}.Debug|Any CPU.ActiveCfg = Debug|Any CPU
		{3404594E-6E80-4549-87B6-E6CFF27E094F}.Debug|Any CPU.Build.0 = Debug|Any CPU
		{3404594E-6E80-4549-87B6-E6CFF27E094F}.Release|Any CPU.ActiveCfg = Release|Any CPU
		{3404594E-6E80-4549-87B6-E6CFF27E094F}.Release|Any CPU.Build.0 = Release|Any CPU
	EndGlobalSection
	GlobalSection(SolutionProperties) = preSolution
		HideSolutionNode = FALSE
	EndGlobalSection
	GlobalSection(ExtensibilityGlobals) = postSolution
		SolutionGuid = {2537049A-1D0B-4F85-B920-30A41B8BECFA}
	EndGlobalSection
EndGlobal
