
Microsoft Visual Studio Solution File, Format Version 12.00
# Visual Studio Version 17
VisualStudioVersion = 17.7.34202.233
MinimumVisualStudioVersion = 10.0.40219.1
Project("{FAE04EC0-301F-11D3-BF4B-00C04F79EFBC}") = "RecapDemo_1", "RecapDemo_1\RecapDemo_1.csproj", "{22E57327-5A4A-4527-9E7A-B43AD2B1A712}"
EndProject
Global
	GlobalSection(SolutionConfigurationPlatforms) = preSolution
		Debug|Any CPU = Debug|Any CPU
		Release|Any CPU = Release|Any CPU
	EndGlobalSection
	GlobalSection(ProjectConfigurationPlatforms) = postSolution
		{22E57327-5A4A-4527-9E7A-B43AD2B1A712}.Debug|Any CPU.ActiveCfg = Debug|Any CPU
		{22E57327-5A4A-4527-9E7A-B43AD2B1A712}.Debug|Any CPU.Build.0 = Debug|Any CPU
		{22E57327-5A4A-4527-9E7A-B43AD2B1A712}.Release|Any CPU.ActiveCfg = Release|Any CPU
		{22E57327-5A4A-4527-9E7A-B43AD2B1A712}.Release|Any CPU.Build.0 = Release|Any CPU
	EndGlobalSection
	GlobalSection(SolutionProperties) = preSolution
		HideSolutionNode = FALSE
	EndGlobalSection
	GlobalSection(ExtensibilityGlobals) = postSolution
		SolutionGuid = {3EADF7A8-97FB-4162-AD64-9CEF67291851}
	EndGlobalSection
EndGlobal
