
Microsoft Visual Studio Solution File, Format Version 12.00
# Visual Studio Version 17
VisualStudioVersion = 17.7.34202.233
MinimumVisualStudioVersion = 10.0.40219.1
Project("{FAE04EC0-301F-11D3-BF4B-00C04F79EFBC}") = "Capter_7_Odev", "Capter_7_Odev\Capter_7_Odev.csproj", "{7B745B02-C11B-4A77-A1D5-C58419437ADA}"
EndProject
Global
	GlobalSection(SolutionConfigurationPlatforms) = preSolution
		Debug|Any CPU = Debug|Any CPU
		Release|Any CPU = Release|Any CPU
	EndGlobalSection
	GlobalSection(ProjectConfigurationPlatforms) = postSolution
		{7B745B02-C11B-4A77-A1D5-C58419437ADA}.Debug|Any CPU.ActiveCfg = Debug|Any CPU
		{7B745B02-C11B-4A77-A1D5-C58419437ADA}.Debug|Any CPU.Build.0 = Debug|Any CPU
		{7B745B02-C11B-4A77-A1D5-C58419437ADA}.Release|Any CPU.ActiveCfg = Release|Any CPU
		{7B745B02-C11B-4A77-A1D5-C58419437ADA}.Release|Any CPU.Build.0 = Release|Any CPU
	EndGlobalSection
	GlobalSection(SolutionProperties) = preSolution
		HideSolutionNode = FALSE
	EndGlobalSection
	GlobalSection(ExtensibilityGlobals) = postSolution
		SolutionGuid = {2FDF1EE8-A86D-4254-8CB6-50ABF8E81665}
	EndGlobalSection
EndGlobal
