
Microsoft Visual Studio Solution File, Format Version 12.00
# Visual Studio Version 17
VisualStudioVersion = 17.7.34202.233
MinimumVisualStudioVersion = 10.0.40219.1
Project("{FAE04EC0-301F-11D3-BF4B-00C04F79EFBC}") = "Interfaceler", "Interfaceler\Interfaceler.csproj", "{CA6DDA8D-52DC-401D-A557-5DFF63083906}"
EndProject
Project("{FAE04EC0-301F-11D3-BF4B-00C04F79EFBC}") = "InterfacesDemo", "InterfacesDemo\InterfacesDemo.csproj", "{5471B0DF-669A-4C55-9FDD-2C34F0ACB2CA}"
EndProject
Project("{FAE04EC0-301F-11D3-BF4B-00C04F79EFBC}") = "Inheritance", "Kalıtım\Inheritance.csproj", "{62DE61DA-3288-4DFE-8C07-083FF2A0E8E1}"
EndProject
Project("{FAE04EC0-301F-11D3-BF4B-00C04F79EFBC}") = "VirtualMethods", "VirtualMethods\VirtualMethods.csproj", "{E093BF91-A384-4104-B6E9-5CD275E6282A}"
EndProject
Global
	GlobalSection(SolutionConfigurationPlatforms) = preSolution
		Debug|Any CPU = Debug|Any CPU
		Release|Any CPU = Release|Any CPU
	EndGlobalSection
	GlobalSection(ProjectConfigurationPlatforms) = postSolution
		{CA6DDA8D-52DC-401D-A557-5DFF63083906}.Debug|Any CPU.ActiveCfg = Debug|Any CPU
		{CA6DDA8D-52DC-401D-A557-5DFF63083906}.Debug|Any CPU.Build.0 = Debug|Any CPU
		{CA6DDA8D-52DC-401D-A557-5DFF63083906}.Release|Any CPU.ActiveCfg = Release|Any CPU
		{CA6DDA8D-52DC-401D-A557-5DFF63083906}.Release|Any CPU.Build.0 = Release|Any CPU
		{5471B0DF-669A-4C55-9FDD-2C34F0ACB2CA}.Debug|Any CPU.ActiveCfg = Debug|Any CPU
		{5471B0DF-669A-4C55-9FDD-2C34F0ACB2CA}.Debug|Any CPU.Build.0 = Debug|Any CPU
		{5471B0DF-669A-4C55-9FDD-2C34F0ACB2CA}.Release|Any CPU.ActiveCfg = Release|Any CPU
		{5471B0DF-669A-4C55-9FDD-2C34F0ACB2CA}.Release|Any CPU.Build.0 = Release|Any CPU
		{62DE61DA-3288-4DFE-8C07-083FF2A0E8E1}.Debug|Any CPU.ActiveCfg = Debug|Any CPU
		{62DE61DA-3288-4DFE-8C07-083FF2A0E8E1}.Debug|Any CPU.Build.0 = Debug|Any CPU
		{62DE61DA-3288-4DFE-8C07-083FF2A0E8E1}.Release|Any CPU.ActiveCfg = Release|Any CPU
		{62DE61DA-3288-4DFE-8C07-083FF2A0E8E1}.Release|Any CPU.Build.0 = Release|Any CPU
		{E093BF91-A384-4104-B6E9-5CD275E6282A}.Debug|Any CPU.ActiveCfg = Debug|Any CPU
		{E093BF91-A384-4104-B6E9-5CD275E6282A}.Debug|Any CPU.Build.0 = Debug|Any CPU
		{E093BF91-A384-4104-B6E9-5CD275E6282A}.Release|Any CPU.ActiveCfg = Release|Any CPU
		{E093BF91-A384-4104-B6E9-5CD275E6282A}.Release|Any CPU.Build.0 = Release|Any CPU
	EndGlobalSection
	GlobalSection(SolutionProperties) = preSolution
		HideSolutionNode = FALSE
	EndGlobalSection
	GlobalSection(ExtensibilityGlobals) = postSolution
		SolutionGuid = {CC39E676-F185-4813-9C2B-4471C29AE371}
	EndGlobalSection
EndGlobal
