
Microsoft Visual Studio Solution File, Format Version 12.00
# Visual Studio Version 17
VisualStudioVersion = 17.7.34202.233
MinimumVisualStudioVersion = 10.0.40219.1
Project("{FAE04EC0-301F-11D3-BF4B-00C04F79EFBC}") = "lab_2_4", "lab_2_4\lab_2_4.csproj", "{46A13B55-8881-4813-A4E9-D1A866EC4E98}"
EndProject
Global
	GlobalSection(SolutionConfigurationPlatforms) = preSolution
		Debug|Any CPU = Debug|Any CPU
		Release|Any CPU = Release|Any CPU
	EndGlobalSection
	GlobalSection(ProjectConfigurationPlatforms) = postSolution
		{46A13B55-8881-4813-A4E9-D1A866EC4E98}.Debug|Any CPU.ActiveCfg = Debug|Any CPU
		{46A13B55-8881-4813-A4E9-D1A866EC4E98}.Debug|Any CPU.Build.0 = Debug|Any CPU
		{46A13B55-8881-4813-A4E9-D1A866EC4E98}.Release|Any CPU.ActiveCfg = Release|Any CPU
		{46A13B55-8881-4813-A4E9-D1A866EC4E98}.Release|Any CPU.Build.0 = Release|Any CPU
	EndGlobalSection
	GlobalSection(SolutionProperties) = preSolution
		HideSolutionNode = FALSE
	EndGlobalSection
	GlobalSection(ExtensibilityGlobals) = postSolution
		SolutionGuid = {C816897F-97C5-44C3-AC0C-6F8F012E17AF}
	EndGlobalSection
EndGlobal
